
Microsoft Visual Studio Solution File, Format Version 12.00
# Visual Studio Version 16
VisualStudioVersion = 16.0.31205.134
MinimumVisualStudioVersion = 10.0.40219.1
Project("{FAE04EC0-301F-11D3-BF4B-00C04F79EFBC}") = "RestWithASPNETUdemy", "RestWithASPNETUdemy\RestWithASPNETUdemy.csproj", "{D125AC53-574A-4E92-865E-2A3166A71FDB}"
EndProject
Global
	GlobalSection(SolutionConfigurationPlatforms) = preSolution
		Debug|Any CPU = Debug|Any CPU
		Release|Any CPU = Release|Any CPU
	EndGlobalSection
	GlobalSection(ProjectConfigurationPlatforms) = postSolution
		{D125AC53-574A-4E92-865E-2A3166A71FDB}.Debug|Any CPU.ActiveCfg = Debug|Any CPU
		{D125AC53-574A-4E92-865E-2A3166A71FDB}.Debug|Any CPU.Build.0 = Debug|Any CPU
		{D125AC53-574A-4E92-865E-2A3166A71FDB}.Release|Any CPU.ActiveCfg = Release|Any CPU
		{D125AC53-574A-4E92-865E-2A3166A71FDB}.Release|Any CPU.Build.0 = Release|Any CPU
	EndGlobalSection
	GlobalSection(SolutionProperties) = preSolution
		HideSolutionNode = FALSE
	EndGlobalSection
	GlobalSection(ExtensibilityGlobals) = postSolution
		SolutionGuid = {E531B532-CCCC-4CAF-97DA-C0F3C04B87D6}
	EndGlobalSection
EndGlobal
